
Microsoft Visual Studio Solution File, Format Version 12.00
# Visual Studio 15
VisualStudioVersion = 15.0.27004.2002
MinimumVisualStudioVersion = 10.0.40219.1
Project("{F184B08F-C81C-45F6-A57F-5ABD9991F28F}") = "Nukepayload2.AppService.Core", "Nukepayload2.AppService.Core\Nukepayload2.AppService.Core.vbproj", "{60E54AA1-C9C0-43D6-A7EA-B80E2DCC676A}"
EndProject
Project("{D954291E-2A0B-460D-934E-DC6B0785DB48}") = "Nukepayload2.AppService.Shared", "Nukepayload2.AppService.Shared\Nukepayload2.AppService.Shared.shproj", "{0725DBB8-9731-4344-B67C-3E404662ED3C}"
EndProject
Project("{F184B08F-C81C-45F6-A57F-5ABD9991F28F}") = "Nukepayload2.AppService.Desktop", "Nukepayload2.AppService.Desktop\Nukepayload2.AppService.Desktop.vbproj", "{EB49D620-1153-4624-85F8-B476919008B0}"
EndProject
Project("{F184B08F-C81C-45F6-A57F-5ABD9991F28F}") = "Nukepayload2.AppService.Uwp", "Nukepayload2.AppService.Uwp\Nukepayload2.AppService.Uwp.vbproj", "{F078BEBE-933B-4618-BFFA-8E0F220C452A}"
EndProject
Global
	GlobalSection(SharedMSBuildProjectFiles) = preSolution
		Nukepayload2.AppService.Shared\Nukepayload2.AppService.Shared.projitems*{0725dbb8-9731-4344-b67c-3e404662ed3c}*SharedItemsImports = 13
		Nukepayload2.AppService.Shared\Nukepayload2.AppService.Shared.projitems*{eb49d620-1153-4624-85f8-b476919008b0}*SharedItemsImports = 4
		Nukepayload2.AppService.Shared\Nukepayload2.AppService.Shared.projitems*{f078bebe-933b-4618-bffa-8e0f220c452a}*SharedItemsImports = 4
	EndGlobalSection
	GlobalSection(SolutionConfigurationPlatforms) = preSolution
		Debug|Any CPU = Debug|Any CPU
		Debug|ARM = Debug|ARM
		Debug|x64 = Debug|x64
		Debug|x86 = Debug|x86
		Release|Any CPU = Release|Any CPU
		Release|ARM = Release|ARM
		Release|x64 = Release|x64
		Release|x86 = Release|x86
	EndGlobalSection
	GlobalSection(ProjectConfigurationPlatforms) = postSolution
		{60E54AA1-C9C0-43D6-A7EA-B80E2DCC676A}.Debug|Any CPU.ActiveCfg = Debug|Any CPU
		{60E54AA1-C9C0-43D6-A7EA-B80E2DCC676A}.Debug|Any CPU.Build.0 = Debug|Any CPU
		{60E54AA1-C9C0-43D6-A7EA-B80E2DCC676A}.Debug|ARM.ActiveCfg = Debug|Any CPU
		{60E54AA1-C9C0-43D6-A7EA-B80E2DCC676A}.Debug|ARM.Build.0 = Debug|Any CPU
		{60E54AA1-C9C0-43D6-A7EA-B80E2DCC676A}.Debug|x64.ActiveCfg = Debug|Any CPU
		{60E54AA1-C9C0-43D6-A7EA-B80E2DCC676A}.Debug|x64.Build.0 = Debug|Any CPU
		{60E54AA1-C9C0-43D6-A7EA-B80E2DCC676A}.Debug|x86.ActiveCfg = Debug|Any CPU
		{60E54AA1-C9C0-43D6-A7EA-B80E2DCC676A}.Debug|x86.Build.0 = Debug|Any CPU
		{60E54AA1-C9C0-43D6-A7EA-B80E2DCC676A}.Release|Any CPU.ActiveCfg = Release|Any CPU
		{60E54AA1-C9C0-43D6-A7EA-B80E2DCC676A}.Release|Any CPU.Build.0 = Release|Any CPU
		{60E54AA1-C9C0-43D6-A7EA-B80E2DCC676A}.Release|ARM.ActiveCfg = Release|Any CPU
		{60E54AA1-C9C0-43D6-A7EA-B80E2DCC676A}.Release|ARM.Build.0 = Release|Any CPU
		{60E54AA1-C9C0-43D6-A7EA-B80E2DCC676A}.Release|x64.ActiveCfg = Release|Any CPU
		{60E54AA1-C9C0-43D6-A7EA-B80E2DCC676A}.Release|x64.Build.0 = Release|Any CPU
		{60E54AA1-C9C0-43D6-A7EA-B80E2DCC676A}.Release|x86.ActiveCfg = Release|Any CPU
		{60E54AA1-C9C0-43D6-A7EA-B80E2DCC676A}.Release|x86.Build.0 = Release|Any CPU
		{EB49D620-1153-4624-85F8-B476919008B0}.Debug|Any CPU.ActiveCfg = Debug|Any CPU
		{EB49D620-1153-4624-85F8-B476919008B0}.Debug|Any CPU.Build.0 = Debug|Any CPU
		{EB49D620-1153-4624-85F8-B476919008B0}.Debug|ARM.ActiveCfg = Debug|Any CPU
		{EB49D620-1153-4624-85F8-B476919008B0}.Debug|ARM.Build.0 = Debug|Any CPU
		{EB49D620-1153-4624-85F8-B476919008B0}.Debug|x64.ActiveCfg = Debug|Any CPU
		{EB49D620-1153-4624-85F8-B476919008B0}.Debug|x64.Build.0 = Debug|Any CPU
		{EB49D620-1153-4624-85F8-B476919008B0}.Debug|x86.ActiveCfg = Debug|Any CPU
		{EB49D620-1153-4624-85F8-B476919008B0}.Debug|x86.Build.0 = Debug|Any CPU
		{EB49D620-1153-4624-85F8-B476919008B0}.Release|Any CPU.ActiveCfg = Release|Any CPU
		{EB49D620-1153-4624-85F8-B476919008B0}.Release|Any CPU.Build.0 = Release|Any CPU
		{EB49D620-1153-4624-85F8-B476919008B0}.Release|ARM.ActiveCfg = Release|Any CPU
		{EB49D620-1153-4624-85F8-B476919008B0}.Release|ARM.Build.0 = Release|Any CPU
		{EB49D620-1153-4624-85F8-B476919008B0}.Release|x64.ActiveCfg = Release|Any CPU
		{EB49D620-1153-4624-85F8-B476919008B0}.Release|x64.Build.0 = Release|Any CPU
		{EB49D620-1153-4624-85F8-B476919008B0}.Release|x86.ActiveCfg = Release|Any CPU
		{EB49D620-1153-4624-85F8-B476919008B0}.Release|x86.Build.0 = Release|Any CPU
		{F078BEBE-933B-4618-BFFA-8E0F220C452A}.Debug|Any CPU.ActiveCfg = Debug|Any CPU
		{F078BEBE-933B-4618-BFFA-8E0F220C452A}.Debug|Any CPU.Build.0 = Debug|Any CPU
		{F078BEBE-933B-4618-BFFA-8E0F220C452A}.Debug|ARM.ActiveCfg = Debug|ARM
		{F078BEBE-933B-4618-BFFA-8E0F220C452A}.Debug|ARM.Build.0 = Debug|ARM
		{F078BEBE-933B-4618-BFFA-8E0F220C452A}.Debug|x64.ActiveCfg = Debug|x64
		{F078BEBE-933B-4618-BFFA-8E0F220C452A}.Debug|x64.Build.0 = Debug|x64
		{F078BEBE-933B-4618-BFFA-8E0F220C452A}.Debug|x86.ActiveCfg = Debug|x86
		{F078BEBE-933B-4618-BFFA-8E0F220C452A}.Debug|x86.Build.0 = Debug|x86
		{F078BEBE-933B-4618-BFFA-8E0F220C452A}.Release|Any CPU.ActiveCfg = Release|Any CPU
		{F078BEBE-933B-4618-BFFA-8E0F220C452A}.Release|Any CPU.Build.0 = Release|Any CPU
		{F078BEBE-933B-4618-BFFA-8E0F220C452A}.Release|ARM.ActiveCfg = Release|ARM
		{F078BEBE-933B-4618-BFFA-8E0F220C452A}.Release|ARM.Build.0 = Release|ARM
		{F078BEBE-933B-4618-BFFA-8E0F220C452A}.Release|x64.ActiveCfg = Release|x64
		{F078BEBE-933B-4618-BFFA-8E0F220C452A}.Release|x64.Build.0 = Release|x64
		{F078BEBE-933B-4618-BFFA-8E0F220C452A}.Release|x86.ActiveCfg = Release|x86
		{F078BEBE-933B-4618-BFFA-8E0F220C452A}.Release|x86.Build.0 = Release|x86
	EndGlobalSection
	GlobalSection(SolutionProperties) = preSolution
		HideSolutionNode = FALSE
	EndGlobalSection
	GlobalSection(ExtensibilityGlobals) = postSolution
		SolutionGuid = {D20CC742-BC5C-40CE-A3B6-289EC820745A}
	EndGlobalSection
EndGlobal
